
Microsoft Visual Studio Solution File, Format Version 12.00
# Visual Studio 15
VisualStudioVersion = 15.0.28307.168
MinimumVisualStudioVersion = 10.0.40219.1
Project("{FAE04EC0-301F-11D3-BF4B-00C04F79EFBC}") = "SystemIO", "SystemIO\SystemIO.csproj", "{6CCA866E-3F36-4573-A452-42979EA186EF}"
EndProject
Project("{FAE04EC0-301F-11D3-BF4B-00C04F79EFBC}") = "TEST", "..\TEST\TEST.csproj", "{CFBEDA16-1732-4604-8841-2909B959E402}"
EndProject
Global
	GlobalSection(SolutionConfigurationPlatforms) = preSolution
		Debug|Any CPU = Debug|Any CPU
		Release|Any CPU = Release|Any CPU
	EndGlobalSection
	GlobalSection(ProjectConfigurationPlatforms) = postSolution
		{6CCA866E-3F36-4573-A452-42979EA186EF}.Debug|Any CPU.ActiveCfg = Debug|Any CPU
		{6CCA866E-3F36-4573-A452-42979EA186EF}.Debug|Any CPU.Build.0 = Debug|Any CPU
		{6CCA866E-3F36-4573-A452-42979EA186EF}.Release|Any CPU.ActiveCfg = Release|Any CPU
		{6CCA866E-3F36-4573-A452-42979EA186EF}.Release|Any CPU.Build.0 = Release|Any CPU
		{CFBEDA16-1732-4604-8841-2909B959E402}.Debug|Any CPU.ActiveCfg = Debug|Any CPU
		{CFBEDA16-1732-4604-8841-2909B959E402}.Debug|Any CPU.Build.0 = Debug|Any CPU
		{CFBEDA16-1732-4604-8841-2909B959E402}.Release|Any CPU.ActiveCfg = Release|Any CPU
		{CFBEDA16-1732-4604-8841-2909B959E402}.Release|Any CPU.Build.0 = Release|Any CPU
	EndGlobalSection
	GlobalSection(SolutionProperties) = preSolution
		HideSolutionNode = FALSE
	EndGlobalSection
	GlobalSection(ExtensibilityGlobals) = postSolution
		SolutionGuid = {4F09C689-9AD9-46C4-A216-696E6C3ABD0C}
	EndGlobalSection
EndGlobal
