
Microsoft Visual Studio Solution File, Format Version 12.00
# Visual Studio 15
VisualStudioVersion = 15.0.28307.168
MinimumVisualStudioVersion = 10.0.40219.1
Project("{FAE04EC0-301F-11D3-BF4B-00C04F79EFBC}") = "System.IO", "System.IO\System.IO.csproj", "{AD070E44-36EA-434D-A5B7-CEE0DE04AF90}"
EndProject
Global
	GlobalSection(SolutionConfigurationPlatforms) = preSolution
		Debug|Any CPU = Debug|Any CPU
		Release|Any CPU = Release|Any CPU
	EndGlobalSection
	GlobalSection(ProjectConfigurationPlatforms) = postSolution
		{AD070E44-36EA-434D-A5B7-CEE0DE04AF90}.Debug|Any CPU.ActiveCfg = Debug|Any CPU
		{AD070E44-36EA-434D-A5B7-CEE0DE04AF90}.Debug|Any CPU.Build.0 = Debug|Any CPU
		{AD070E44-36EA-434D-A5B7-CEE0DE04AF90}.Release|Any CPU.ActiveCfg = Release|Any CPU
		{AD070E44-36EA-434D-A5B7-CEE0DE04AF90}.Release|Any CPU.Build.0 = Release|Any CPU
	EndGlobalSection
	GlobalSection(SolutionProperties) = preSolution
		HideSolutionNode = FALSE
	EndGlobalSection
	GlobalSection(ExtensibilityGlobals) = postSolution
		SolutionGuid = {CE2F82FB-BE62-4090-9F35-F01AA857ADFE}
	EndGlobalSection
EndGlobal
